
Microsoft Visual Studio Solution File, Format Version 12.00
# Visual Studio Version 16
VisualStudioVersion = 16.0.31911.196
MinimumVisualStudioVersion = 10.0.40219.1
Project("{9A19103F-16F7-4668-BE54-9A1E7A4F7556}") = "DependencyInjectionUI", "Dependency Injection\DependencyInjectionUI.csproj", "{A31A39A8-8376-4595-8ABA-FBEEAB9D7A91}"
EndProject
Project("{FAE04EC0-301F-11D3-BF4B-00C04F79EFBC}") = "DependencyInjectionLibrary", "DependencyInjectionLibrary\DependencyInjectionLibrary.csproj", "{17BE2750-E9ED-4A50-8666-15F2F7EA0E39}"
EndProject
Global
	GlobalSection(SolutionConfigurationPlatforms) = preSolution
		Debug|Any CPU = Debug|Any CPU
		Release|Any CPU = Release|Any CPU
	EndGlobalSection
	GlobalSection(ProjectConfigurationPlatforms) = postSolution
		{A31A39A8-8376-4595-8ABA-FBEEAB9D7A91}.Debug|Any CPU.ActiveCfg = Debug|Any CPU
		{A31A39A8-8376-4595-8ABA-FBEEAB9D7A91}.Debug|Any CPU.Build.0 = Debug|Any CPU
		{A31A39A8-8376-4595-8ABA-FBEEAB9D7A91}.Release|Any CPU.ActiveCfg = Release|Any CPU
		{A31A39A8-8376-4595-8ABA-FBEEAB9D7A91}.Release|Any CPU.Build.0 = Release|Any CPU
		{17BE2750-E9ED-4A50-8666-15F2F7EA0E39}.Debug|Any CPU.ActiveCfg = Debug|Any CPU
		{17BE2750-E9ED-4A50-8666-15F2F7EA0E39}.Debug|Any CPU.Build.0 = Debug|Any CPU
		{17BE2750-E9ED-4A50-8666-15F2F7EA0E39}.Release|Any CPU.ActiveCfg = Release|Any CPU
		{17BE2750-E9ED-4A50-8666-15F2F7EA0E39}.Release|Any CPU.Build.0 = Release|Any CPU
	EndGlobalSection
	GlobalSection(SolutionProperties) = preSolution
		HideSolutionNode = FALSE
	EndGlobalSection
	GlobalSection(ExtensibilityGlobals) = postSolution
		SolutionGuid = {9032FA95-C54C-4B12-9F9F-3249A9DF5CAD}
	EndGlobalSection
EndGlobal
